// !$*UTF8*$!
{
	archiveVersion = 1;
	classes = {
	};
	objectVersion = 77;
	objects = {

/* Begin PBXBuildFile section */
		0BEA439F62B14E35DECED32F /* Constants.swift in Sources */ = {isa = PBXBuildFile; fileRef = E338DD15B0AFDF7E621A8A09 /* Constants.swift */; };
		112233445566778899001122 /* WidgetIntents.swift in Sources */ = {isa = PBXBuildFile; fileRef = 112233445566778899001121 /* WidgetIntents.swift */; };
		112233445566778899001123 /* WidgetIntents.swift in Sources */ = {isa = PBXBuildFile; fileRef = 112233445566778899001121 /* WidgetIntents.swift */; };
		C1A2B3C4D5E6F70809101112 /* WidgetConfigurationIntents.swift in Sources */ = {isa = PBXBuildFile; fileRef = C1A2B3C4D5E6F70809101111 /* WidgetConfigurationIntents.swift */; };
		156592AAAF0C26FD5B5418C8 /* HabitListView.swift in Sources */ = {isa = PBXBuildFile; fileRef = C2FBD7612B05474238D48F79 /* HabitListView.swift */; };
		1A3849A4A43B2EE97A0201C1 /* Foundation.framework in Frameworks */ = {isa = PBXBuildFile; fileRef = E77E954A696E8CA6AB330BAC /* Foundation.framework */; };
		1DF1298501ACC23DA8D2D975 /* DesignSystem.swift in Sources */ = {isa = PBXBuildFile; fileRef = 4E32D4DA98A3BEBF1FB0FDCC /* DesignSystem.swift */; };
		214F9D0D061FDB690162561C /* ContentView.swift in Sources */ = {isa = PBXBuildFile; fileRef = 1E62589DA97C36CAE55D66A4 /* ContentView.swift */; };
		2C0217F7450C582914928A10 /* SettingsView.swift in Sources */ = {isa = PBXBuildFile; fileRef = 88127A9DEACFFE63BDD2CFD2 /* SettingsView.swift */; };
		3EECD3D6C1FCF131093A6A2C /* LittleHabitWidget.swift in Sources */ = {isa = PBXBuildFile; fileRef = EA9E6C16B85EA1CD528B0006 /* LittleHabitWidget.swift */; };
		3F0E7867E7544880061F4F84 /* MoodRecorderView.swift in Sources */ = {isa = PBXBuildFile; fileRef = D6F3FD8046594E7D6C1A2F6E /* MoodRecorderView.swift */; };
		4281B2CF987B2476753AD94D /* StatisticsExtViews.swift in Sources */ = {isa = PBXBuildFile; fileRef = F4A57B29DD7206AFA589C8EE /* StatisticsExtViews.swift */; };
		4974909CD789281144CD4332 /* Constants.swift in Sources */ = {isa = PBXBuildFile; fileRef = E338DD15B0AFDF7E621A8A09 /* Constants.swift */; };
		49DE0491BF9E7C7154619547 /* SwiftUI.framework in Frameworks */ = {isa = PBXBuildFile; fileRef = 8FBD6DAF80144FB88CDD5F09 /* SwiftUI.framework */; };
		4D6488225F1D6CF4D5563188 /* DataBackupManager.swift in Sources */ = {isa = PBXBuildFile; fileRef = 2DB21F5B9B3A4858A7076262 /* DataBackupManager.swift */; };
		601CC4B56743A580DD1B2F70 /* NotificationManager.swift in Sources */ = {isa = PBXBuildFile; fileRef = 963CE0C1E02D7769989BD182 /* NotificationManager.swift */; };
		64943EBF99D6BC9D2CD376C0 /* HomeView.swift in Sources */ = {isa = PBXBuildFile; fileRef = 49A3DCF9CA59FA167E27A6E1 /* HomeView.swift */; };
		65F716D2A8CF31F61005B51E /* LittleHabitTrackerApp.swift in Sources */ = {isa = PBXBuildFile; fileRef = 733B06F96043BCDFC9FF5CB8 /* LittleHabitTrackerApp.swift */; };
		6844A7F81C309AF32C0A7128 /* ArchivedHabitsView.swift in Sources */ = {isa = PBXBuildFile; fileRef = B0BED2952BB57235A86E4CA9 /* ArchivedHabitsView.swift */; };
		6EDBE85E40E23AB9445F228F /* AttemptToDismissModifier.swift in Sources */ = {isa = PBXBuildFile; fileRef = 3B7804DAEB26C7DA3DEEBED1 /* AttemptToDismissModifier.swift */; };
		7BFAD94EADE35B6D0EC8E2FE /* CheckinSuccessView.swift in Sources */ = {isa = PBXBuildFile; fileRef = 7C9EB032F7D0436067ADBB5E /* CheckinSuccessView.swift */; };
		84BD0C8729734E348C746C0D /* Models.swift in Sources */ = {isa = PBXBuildFile; fileRef = 481A84F251ED310038917041 /* Models.swift */; };
		8E225413CDE55A247DA82F59 /* WidgetKit.framework in Frameworks */ = {isa = PBXBuildFile; fileRef = 6716C97A09EA31F66D20C6E5 /* WidgetKit.framework */; };
		91C957E677979F8BAAA6B39E /* Assets.xcassets in Resources */ = {isa = PBXBuildFile; fileRef = 9C04FE6875637B83EC49C71D /* Assets.xcassets */; };
		91C957E677979F8BAAA6B39F /* Assets.xcassets in Resources */ = {isa = PBXBuildFile; fileRef = 9C04FE6875637B83EC49C71D /* Assets.xcassets */; };
		9A7B8C6D5E4F321001234567 /* NativeLaunchScreen.storyboard in Resources */ = {isa = PBXBuildFile; fileRef = 9A7B8C6D5E4F321001234566 /* NativeLaunchScreen.storyboard */; };
		A2691EA3AF19D0709FC896F0 /* AmountCheckinSheet.swift in Sources */ = {isa = PBXBuildFile; fileRef = D34E69D2ED238F93EA2FB9CB /* AmountCheckinSheet.swift */; };
		BA5147AB6FBFF403AE498217 /* Models.swift in Sources */ = {isa = PBXBuildFile; fileRef = 481A84F251ED310038917041 /* Models.swift */; };
		BE637617ABBD659D363E3FA5 /* StoreManager.swift in Sources */ = {isa = PBXBuildFile; fileRef = 0209F0B18ADE06507E69B114 /* StoreManager.swift */; };
		C0425E3917BCC32788BF0F85 /* CloudSyncManager.swift in Sources */ = {isa = PBXBuildFile; fileRef = 6D4656F1150590B4BBCD5746 /* CloudSyncManager.swift */; };
		C49F02B0A4E3E13111A3884A /* HabitStatsDetailView.swift in Sources */ = {isa = PBXBuildFile; fileRef = F400E30A32862BC66A030359 /* HabitStatsDetailView.swift */; };
		CC16735BFB4146000F00B45D /* DesignSystem.swift in Sources */ = {isa = PBXBuildFile; fileRef = 4E32D4DA98A3BEBF1FB0FDCC /* DesignSystem.swift */; };
		D21079AE56EF1FEA6A8BEFC6 /* HabitDetailView.swift in Sources */ = {isa = PBXBuildFile; fileRef = 0B8FC675A13D85D862613F7A /* HabitDetailView.swift */; };
		DB076AC915433F7CE88000EE /* PaywallView.swift in Sources */ = {isa = PBXBuildFile; fileRef = C88F406ECA6FB7B11F3047AF /* PaywallView.swift */; };
		E1ACA329951A3D341534A3E3 /* HabitMonthDetailView.swift in Sources */ = {isa = PBXBuildFile; fileRef = 0DDA790B71A18BA2236DC270 /* HabitMonthDetailView.swift */; };
		EA8586A4D257AEC29369C01C /* LittleHabitWidget.appex in Embed App Extensions */ = {isa = PBXBuildFile; fileRef = B5F827B8AB0C0C73EAB97E52 /* LittleHabitWidget.appex */; settings = {ATTRIBUTES = (RemoveHeadersOnCopy, ); }; };
		FBB4BBDED5615E1630468F5E /* StatisticsView.swift in Sources */ = {isa = PBXBuildFile; fileRef = 64C1C23158D8D65B0E699D19 /* StatisticsView.swift */; };
/* End PBXBuildFile section */

/* Begin PBXContainerItemProxy section */
		9B903270A59713DA3916C0AB /* PBXContainerItemProxy */ = {
			isa = PBXContainerItemProxy;
			containerPortal = 73B740A2C97529C74811402C /* Project object */;
			proxyType = 1;
			remoteGlobalIDString = DF803DD58A6B988DF666A08D;
			remoteInfo = LittleHabitWidget;
		};
/* End PBXContainerItemProxy section */

/* Begin PBXCopyFilesBuildPhase section */
		65D35833B86889698E1BCD5F /* Embed App Extensions */ = {
			isa = PBXCopyFilesBuildPhase;
			buildActionMask = 2147483647;
			dstPath = "";
			dstSubfolderSpec = 13;
			files = (
				EA8586A4D257AEC29369C01C /* LittleHabitWidget.appex in Embed App Extensions */,
			);
			name = "Embed App Extensions";
			runOnlyForDeploymentPostprocessing = 0;
		};
/* End PBXCopyFilesBuildPhase section */

/* Begin PBXFileReference section */
		0209F0B18ADE06507E69B114 /* StoreManager.swift */ = {isa = PBXFileReference; includeInIndex = 1; lastKnownFileType = sourcecode.swift; path = StoreManager.swift; sourceTree = "<group>"; };
		0B8FC675A13D85D862613F7A /* HabitDetailView.swift */ = {isa = PBXFileReference; lastKnownFileType = sourcecode.swift; path = HabitDetailView.swift; sourceTree = "<group>"; };
		0DDA790B71A18BA2236DC270 /* HabitMonthDetailView.swift */ = {isa = PBXFileReference; lastKnownFileType = sourcecode.swift; path = HabitMonthDetailView.swift; sourceTree = "<group>"; };
		1E62589DA97C36CAE55D66A4 /* ContentView.swift */ = {isa = PBXFileReference; lastKnownFileType = sourcecode.swift; path = ContentView.swift; sourceTree = "<group>"; };
		29BD75FE888FD7347C53AA52 /* Info.plist */ = {isa = PBXFileReference; lastKnownFileType = text.plist; path = Info.plist; sourceTree = "<group>"; };
		2DB21F5B9B3A4858A7076262 /* DataBackupManager.swift */ = {isa = PBXFileReference; includeInIndex = 1; lastKnownFileType = sourcecode.swift; path = DataBackupManager.swift; sourceTree = "<group>"; };
		3B7804DAEB26C7DA3DEEBED1 /* AttemptToDismissModifier.swift */ = {isa = PBXFileReference; includeInIndex = 1; lastKnownFileType = sourcecode.swift; path = Sources/AttemptToDismissModifier.swift; sourceTree = "<group>"; };
		481A84F251ED310038917041 /* Models.swift */ = {isa = PBXFileReference; lastKnownFileType = sourcecode.swift; path = Models.swift; sourceTree = "<group>"; };
		49A3DCF9CA59FA167E27A6E1 /* HomeView.swift */ = {isa = PBXFileReference; lastKnownFileType = sourcecode.swift; path = HomeView.swift; sourceTree = "<group>"; };
		4E32D4DA98A3BEBF1FB0FDCC /* DesignSystem.swift */ = {isa = PBXFileReference; lastKnownFileType = sourcecode.swift; path = DesignSystem.swift; sourceTree = "<group>"; };
		5634F5D835A25713AFA8D740 /* LittleHabitWidget.entitlements */ = {isa = PBXFileReference; includeInIndex = 1; lastKnownFileType = text.plist.entitlements; path = LittleHabitWidget.entitlements; sourceTree = "<group>"; };
		64C1C23158D8D65B0E699D19 /* StatisticsView.swift */ = {isa = PBXFileReference; lastKnownFileType = sourcecode.swift; path = StatisticsView.swift; sourceTree = "<group>"; };
		6716C97A09EA31F66D20C6E5 /* WidgetKit.framework */ = {isa = PBXFileReference; lastKnownFileType = wrapper.framework; name = WidgetKit.framework; path = Platforms/iPhoneOS.platform/Developer/SDKs/iPhoneOS18.0.sdk/System/Library/Frameworks/WidgetKit.framework; sourceTree = DEVELOPER_DIR; };
		6D4656F1150590B4BBCD5746 /* CloudSyncManager.swift */ = {isa = PBXFileReference; includeInIndex = 1; lastKnownFileType = sourcecode.swift; path = CloudSyncManager.swift; sourceTree = "<group>"; };
		733B06F96043BCDFC9FF5CB8 /* LittleHabitTrackerApp.swift */ = {isa = PBXFileReference; lastKnownFileType = sourcecode.swift; path = LittleHabitTrackerApp.swift; sourceTree = "<group>"; };
		7B0B7F541434E8CB94CEB17E /* Info.plist */ = {isa = PBXFileReference; includeInIndex = 1; lastKnownFileType = text.plist.xml; path = Info.plist; sourceTree = "<group>"; };
		7C9EB032F7D0436067ADBB5E /* CheckinSuccessView.swift */ = {isa = PBXFileReference; lastKnownFileType = sourcecode.swift; path = CheckinSuccessView.swift; sourceTree = "<group>"; };
		88127A9DEACFFE63BDD2CFD2 /* SettingsView.swift */ = {isa = PBXFileReference; lastKnownFileType = sourcecode.swift; path = SettingsView.swift; sourceTree = "<group>"; };
		8FBD6DAF80144FB88CDD5F09 /* SwiftUI.framework */ = {isa = PBXFileReference; lastKnownFileType = wrapper.framework; name = SwiftUI.framework; path = Platforms/iPhoneOS.platform/Developer/SDKs/iPhoneOS18.0.sdk/System/Library/Frameworks/SwiftUI.framework; sourceTree = DEVELOPER_DIR; };
		963CE0C1E02D7769989BD182 /* NotificationManager.swift */ = {isa = PBXFileReference; includeInIndex = 1; lastKnownFileType = sourcecode.swift; path = NotificationManager.swift; sourceTree = "<group>"; };
		9C04FE6875637B83EC49C71D /* Assets.xcassets */ = {isa = PBXFileReference; lastKnownFileType = folder.assetcatalog; path = Assets.xcassets; sourceTree = "<group>"; };
		9A7B8C6D5E4F321001234566 /* NativeLaunchScreen.storyboard */ = {isa = PBXFileReference; lastKnownFileType = file.storyboard; path = NativeLaunchScreen.storyboard; sourceTree = "<group>"; };
		B0BED2952BB57235A86E4CA9 /* ArchivedHabitsView.swift */ = {isa = PBXFileReference; lastKnownFileType = sourcecode.swift; path = ArchivedHabitsView.swift; sourceTree = "<group>"; };
		B5F827B8AB0C0C73EAB97E52 /* LittleHabitWidget.appex */ = {isa = PBXFileReference; explicitFileType = "wrapper.app-extension"; includeInIndex = 0; path = LittleHabitWidget.appex; sourceTree = BUILT_PRODUCTS_DIR; };
		C2FBD7612B05474238D48F79 /* HabitListView.swift */ = {isa = PBXFileReference; lastKnownFileType = sourcecode.swift; path = HabitListView.swift; sourceTree = "<group>"; };
		C88F406ECA6FB7B11F3047AF /* PaywallView.swift */ = {isa = PBXFileReference; includeInIndex = 1; lastKnownFileType = sourcecode.swift; path = PaywallView.swift; sourceTree = "<group>"; };
		D34E69D2ED238F93EA2FB9CB /* AmountCheckinSheet.swift */ = {isa = PBXFileReference; lastKnownFileType = sourcecode.swift; path = AmountCheckinSheet.swift; sourceTree = "<group>"; };
		D6F3FD8046594E7D6C1A2F6E /* MoodRecorderView.swift */ = {isa = PBXFileReference; lastKnownFileType = sourcecode.swift; path = MoodRecorderView.swift; sourceTree = "<group>"; };
		E338DD15B0AFDF7E621A8A09 /* Constants.swift */ = {isa = PBXFileReference; lastKnownFileType = sourcecode.swift; path = Constants.swift; sourceTree = "<group>"; };
		E505F21C8BE7EC7D595AFF6B /* LittleHabitTracker.app */ = {isa = PBXFileReference; explicitFileType = wrapper.application; includeInIndex = 0; path = LittleHabitTracker.app; sourceTree = BUILT_PRODUCTS_DIR; };
		E77E954A696E8CA6AB330BAC /* Foundation.framework */ = {isa = PBXFileReference; lastKnownFileType = wrapper.framework; name = Foundation.framework; path = Platforms/iPhoneOS.platform/Developer/SDKs/iPhoneOS18.0.sdk/System/Library/Frameworks/Foundation.framework; sourceTree = DEVELOPER_DIR; };
		EA1498A56C4D9176F58C006F /* AttemptToDismissModifier.swift */ = {isa = PBXFileReference; includeInIndex = 1; lastKnownFileType = sourcecode.swift; path = AttemptToDismissModifier.swift; sourceTree = "<group>"; };
		112233445566778899001121 /* WidgetIntents.swift */ = {isa = PBXFileReference; lastKnownFileType = sourcecode.swift; path = WidgetIntents.swift; sourceTree = "<group>"; };
		C1A2B3C4D5E6F70809101111 /* WidgetConfigurationIntents.swift */ = {isa = PBXFileReference; lastKnownFileType = sourcecode.swift; path = WidgetConfigurationIntents.swift; sourceTree = "<group>"; };
		EA9E6C16B85EA1CD528B0006 /* LittleHabitWidget.swift */ = {isa = PBXFileReference; includeInIndex = 1; lastKnownFileType = sourcecode.swift; path = LittleHabitWidget.swift; sourceTree = "<group>"; };
		F400E30A32862BC66A030359 /* HabitStatsDetailView.swift */ = {isa = PBXFileReference; lastKnownFileType = sourcecode.swift; path = HabitStatsDetailView.swift; sourceTree = "<group>"; };
		F4A57B29DD7206AFA589C8EE /* StatisticsExtViews.swift */ = {isa = PBXFileReference; lastKnownFileType = sourcecode.swift; path = StatisticsExtViews.swift; sourceTree = "<group>"; };
		F80E2428D210ED72FC6E7B33 /* LittleHabitTracker.entitlements */ = {isa = PBXFileReference; includeInIndex = 1; lastKnownFileType = text.plist.entitlements; path = LittleHabitTracker.entitlements; sourceTree = "<group>"; };
/* End PBXFileReference section */

/* Begin PBXFrameworksBuildPhase section */
		083BA535C4BC9D1E655D0D3F /* Frameworks */ = {
			isa = PBXFrameworksBuildPhase;
			buildActionMask = 2147483647;
			files = (
				1A3849A4A43B2EE97A0201C1 /* Foundation.framework in Frameworks */,
				8E225413CDE55A247DA82F59 /* WidgetKit.framework in Frameworks */,
				49DE0491BF9E7C7154619547 /* SwiftUI.framework in Frameworks */,
			);
			runOnlyForDeploymentPostprocessing = 0;
		};
/* End PBXFrameworksBuildPhase section */

/* Begin PBXGroup section */
		06B8AAA4A9F334DFFFD1C353 /* Products */ = {
			isa = PBXGroup;
			children = (
				E505F21C8BE7EC7D595AFF6B /* LittleHabitTracker.app */,
				B5F827B8AB0C0C73EAB97E52 /* LittleHabitWidget.appex */,
			);
			name = Products;
			sourceTree = "<group>";
		};
		1C1E1F80407025F3979BBA0D = {
			isa = PBXGroup;
			children = (
				8327E060ABE10F1021F9D9E6 /* Sources */,
				06B8AAA4A9F334DFFFD1C353 /* Products */,
				D7B851334113CBD2BD50F6AF /* Frameworks */,
				D635961CFA6A6B43904A8AEF /* LittleHabitTracker */,
			);
			sourceTree = "<group>";
		};
		2F5C2D91F49A083900F34828 /* LittleHabitWidget */ = {
			isa = PBXGroup;
			children = (
				EA9E6C16B85EA1CD528B0006 /* LittleHabitWidget.swift */,
				C1A2B3C4D5E6F70809101111 /* WidgetConfigurationIntents.swift */,
				5634F5D835A25713AFA8D740 /* LittleHabitWidget.entitlements */,
				7B0B7F541434E8CB94CEB17E /* Info.plist */,
			);
			path = LittleHabitWidget;
			sourceTree = "<group>";
		};
		7FA0393A53DFE18DB7158E3B /* iOS */ = {
			isa = PBXGroup;
			children = (
				E77E954A696E8CA6AB330BAC /* Foundation.framework */,
				6716C97A09EA31F66D20C6E5 /* WidgetKit.framework */,
				8FBD6DAF80144FB88CDD5F09 /* SwiftUI.framework */,
			);
			name = iOS;
			sourceTree = "<group>";
		};
		8327E060ABE10F1021F9D9E6 /* Sources */ = {
			isa = PBXGroup;
			children = (
				D34E69D2ED238F93EA2FB9CB /* AmountCheckinSheet.swift */,
				B0BED2952BB57235A86E4CA9 /* ArchivedHabitsView.swift */,
				9C04FE6875637B83EC49C71D /* Assets.xcassets */,
				7C9EB032F7D0436067ADBB5E /* CheckinSuccessView.swift */,
				E338DD15B0AFDF7E621A8A09 /* Constants.swift */,
				1E62589DA97C36CAE55D66A4 /* ContentView.swift */,
				4E32D4DA98A3BEBF1FB0FDCC /* DesignSystem.swift */,
				0B8FC675A13D85D862613F7A /* HabitDetailView.swift */,
				C2FBD7612B05474238D48F79 /* HabitListView.swift */,
				0DDA790B71A18BA2236DC270 /* HabitMonthDetailView.swift */,
				F400E30A32862BC66A030359 /* HabitStatsDetailView.swift */,
				49A3DCF9CA59FA167E27A6E1 /* HomeView.swift */,
				29BD75FE888FD7347C53AA52 /* Info.plist */,
				9A7B8C6D5E4F321001234566 /* NativeLaunchScreen.storyboard */,
				733B06F96043BCDFC9FF5CB8 /* LittleHabitTrackerApp.swift */,
				481A84F251ED310038917041 /* Models.swift */,
				D6F3FD8046594E7D6C1A2F6E /* MoodRecorderView.swift */,
				88127A9DEACFFE63BDD2CFD2 /* SettingsView.swift */,
				F4A57B29DD7206AFA589C8EE /* StatisticsExtViews.swift */,
				64C1C23158D8D65B0E699D19 /* StatisticsView.swift */,
				2F5C2D91F49A083900F34828 /* LittleHabitWidget */,
				112233445566778899001121 /* WidgetIntents.swift */,
				F80E2428D210ED72FC6E7B33 /* LittleHabitTracker.entitlements */,
				C88F406ECA6FB7B11F3047AF /* PaywallView.swift */,
				2DB21F5B9B3A4858A7076262 /* DataBackupManager.swift */,
				EA1498A56C4D9176F58C006F /* AttemptToDismissModifier.swift */,
				963CE0C1E02D7769989BD182 /* NotificationManager.swift */,
				0209F0B18ADE06507E69B114 /* StoreManager.swift */,
				6D4656F1150590B4BBCD5746 /* CloudSyncManager.swift */,
			);
			path = Sources;
			sourceTree = "<group>";
		};
		D635961CFA6A6B43904A8AEF /* LittleHabitTracker */ = {
			isa = PBXGroup;
			children = (
				DC244103656D8514BC09254E /* Sources */,
			);
			name = LittleHabitTracker;
			sourceTree = "<group>";
		};
		D7B851334113CBD2BD50F6AF /* Frameworks */ = {
			isa = PBXGroup;
			children = (
				7FA0393A53DFE18DB7158E3B /* iOS */,
			);
			name = Frameworks;
			sourceTree = "<group>";
		};
		DC244103656D8514BC09254E /* Sources */ = {
			isa = PBXGroup;
			children = (
				3B7804DAEB26C7DA3DEEBED1 /* AttemptToDismissModifier.swift */,
			);
			name = Sources;
			sourceTree = "<group>";
		};
/* End PBXGroup section */

/* Begin PBXNativeTarget section */
		669F4A65A82AC035A283F0FA /* LittleHabitTracker */ = {
			isa = PBXNativeTarget;
			buildConfigurationList = F11E8032617304BD2AEA8869 /* Build configuration list for PBXNativeTarget "LittleHabitTracker" */;
			buildPhases = (
				1F469B72C60187480E2092F0 /* Sources */,
				6841155B89DD5997093EB4A0 /* Resources */,
				65D35833B86889698E1BCD5F /* Embed App Extensions */,
			);
			buildRules = (
			);
			dependencies = (
				70487E499B257F5F81229898 /* PBXTargetDependency */,
			);
			name = LittleHabitTracker;
			productName = LittleHabitTracker;
			productReference = E505F21C8BE7EC7D595AFF6B /* LittleHabitTracker.app */;
			productType = "com.apple.product-type.application";
		};
		DF803DD58A6B988DF666A08D /* LittleHabitWidget */ = {
			isa = PBXNativeTarget;
			buildConfigurationList = FBEED87C41B38E4185567131 /* Build configuration list for PBXNativeTarget "LittleHabitWidget" */;
			buildPhases = (
				D11DDDC18FFF388E45B7D71B /* Sources */,
				083BA535C4BC9D1E655D0D3F /* Frameworks */,
				297EF253288299B182D5B341 /* Resources */,
			);
			buildRules = (
			);
			dependencies = (
			);
			name = LittleHabitWidget;
			productName = LittleHabitWidget;
			productReference = B5F827B8AB0C0C73EAB97E52 /* LittleHabitWidget.appex */;
			productType = "com.apple.product-type.app-extension";
		};
/* End PBXNativeTarget section */

/* Begin PBXProject section */
		73B740A2C97529C74811402C /* Project object */ = {
			isa = PBXProject;
			attributes = {
				BuildIndependentTargetsInParallel = YES;
				LastUpgradeCheck = 1430;
				TargetAttributes = {
					F7A5E95E402DEBEAAEECE6F5 = {
						CreatedOnToolsVersion = 14.3;
						ProvisioningStyle = Automatic;
					};
					DF803DD58A6B988DF666A08D = {
						CreatedOnToolsVersion = 14.3;
						ProvisioningStyle = Automatic;
					};
				};
			};
			buildConfigurationList = 74372347BBF6DEF21D94AF83 /* Build configuration list for PBXProject "LittleHabitTracker" */;
			developmentRegion = en;
			hasScannedForEncodings = 0;
			knownRegions = (
				Base,
				en,
			);
			mainGroup = 1C1E1F80407025F3979BBA0D;
			minimizedProjectReferenceProxies = 1;
			preferredProjectObjectVersion = 77;
			productRefGroup = 06B8AAA4A9F334DFFFD1C353 /* Products */;
			projectDirPath = "";
			projectRoot = "";
			targets = (
				669F4A65A82AC035A283F0FA /* LittleHabitTracker */,
				DF803DD58A6B988DF666A08D /* LittleHabitWidget */,
			);
		};
/* End PBXProject section */

/* Begin PBXResourcesBuildPhase section */
		297EF253288299B182D5B341 /* Resources */ = {
			isa = PBXResourcesBuildPhase;
			buildActionMask = 2147483647;
			files = (
				91C957E677979F8BAAA6B39E /* Assets.xcassets in Resources */,
			);
			runOnlyForDeploymentPostprocessing = 0;
		};
		6841155B89DD5997093EB4A0 /* Resources */ = {
			isa = PBXResourcesBuildPhase;
			buildActionMask = 2147483647;
			files = (
				91C957E677979F8BAAA6B39F /* Assets.xcassets in Resources */,
				9A7B8C6D5E4F321001234567 /* NativeLaunchScreen.storyboard in Resources */,
			);
			runOnlyForDeploymentPostprocessing = 0;
		};
/* End PBXResourcesBuildPhase section */

/* Begin PBXSourcesBuildPhase section */
		1F469B72C60187480E2092F0 /* Sources */ = {
			isa = PBXSourcesBuildPhase;
			buildActionMask = 2147483647;
			files = (
				A2691EA3AF19D0709FC896F0 /* AmountCheckinSheet.swift in Sources */,
				6844A7F81C309AF32C0A7128 /* ArchivedHabitsView.swift in Sources */,
				7BFAD94EADE35B6D0EC8E2FE /* CheckinSuccessView.swift in Sources */,
				0BEA439F62B14E35DECED32F /* Constants.swift in Sources */,
				214F9D0D061FDB690162561C /* ContentView.swift in Sources */,
				CC16735BFB4146000F00B45D /* DesignSystem.swift in Sources */,
				D21079AE56EF1FEA6A8BEFC6 /* HabitDetailView.swift in Sources */,
				156592AAAF0C26FD5B5418C8 /* HabitListView.swift in Sources */,
				E1ACA329951A3D341534A3E3 /* HabitMonthDetailView.swift in Sources */,
				C49F02B0A4E3E13111A3884A /* HabitStatsDetailView.swift in Sources */,
				64943EBF99D6BC9D2CD376C0 /* HomeView.swift in Sources */,
				65F716D2A8CF31F61005B51E /* LittleHabitTrackerApp.swift in Sources */,
				BA5147AB6FBFF403AE498217 /* Models.swift in Sources */,
				3F0E7867E7544880061F4F84 /* MoodRecorderView.swift in Sources */,
				2C0217F7450C582914928A10 /* SettingsView.swift in Sources */,
				4281B2CF987B2476753AD94D /* StatisticsExtViews.swift in Sources */,
				FBB4BBDED5615E1630468F5E /* StatisticsView.swift in Sources */,
				DB076AC915433F7CE88000EE /* PaywallView.swift in Sources */,
				4D6488225F1D6CF4D5563188 /* DataBackupManager.swift in Sources */,
				6EDBE85E40E23AB9445F228F /* AttemptToDismissModifier.swift in Sources */,
				601CC4B56743A580DD1B2F70 /* NotificationManager.swift in Sources */,
				BE637617ABBD659D363E3FA5 /* StoreManager.swift in Sources */,
				C0425E3917BCC32788BF0F85 /* CloudSyncManager.swift in Sources */,
				112233445566778899001122 /* WidgetIntents.swift in Sources */,
			);
			runOnlyForDeploymentPostprocessing = 0;
		};
		D11DDDC18FFF388E45B7D71B /* Sources */ = {
			isa = PBXSourcesBuildPhase;
			buildActionMask = 2147483647;
			files = (
				3EECD3D6C1FCF131093A6A2C /* LittleHabitWidget.swift in Sources */,
				84BD0C8729734E348C746C0D /* Models.swift in Sources */,
				1DF1298501ACC23DA8D2D975 /* DesignSystem.swift in Sources */,
				4974909CD789281144CD4332 /* Constants.swift in Sources */,
				112233445566778899001123 /* WidgetIntents.swift in Sources */,
				C1A2B3C4D5E6F70809101112 /* WidgetConfigurationIntents.swift in Sources */,
			);
			runOnlyForDeploymentPostprocessing = 0;
		};
/* End PBXSourcesBuildPhase section */

/* Begin PBXTargetDependency section */
		70487E499B257F5F81229898 /* PBXTargetDependency */ = {
			isa = PBXTargetDependency;
			name = LittleHabitWidget;
			target = DF803DD58A6B988DF666A08D /* LittleHabitWidget */;
			targetProxy = 9B903270A59713DA3916C0AB /* PBXContainerItemProxy */;
		};
/* End PBXTargetDependency section */

/* Begin XCBuildConfiguration section */
		46C4EE9AB6CC0B754E28CC0C /* Debug */ = {
			isa = XCBuildConfiguration;
			buildSettings = {
				APPLICATION_EXTENSION_API_ONLY = YES;
				CLANG_ENABLE_OBJC_WEAK = NO;
				CODE_SIGN_ENTITLEMENTS = Sources/LittleHabitWidget/LittleHabitWidget.entitlements;
				CODE_SIGN_IDENTITY = "iPhone Developer";
				CODE_SIGN_STYLE = Automatic;
				DEVELOPMENT_TEAM = G6G686R2TD;
				ENABLE_DEBUG_DYLIB = NO;
				ENABLE_TESTABILITY = NO;
				GENERATE_INFOPLIST_FILE = NO;
				INFOPLIST_FILE = Sources/LittleHabitWidget/Info.plist;
				IPHONEOS_DEPLOYMENT_TARGET = 17.0;
				LD_RUNPATH_SEARCH_PATHS = (
					"$(inherited)",
					"@executable_path/Frameworks",
					"@executable_path/../../Frameworks",
				);
				PRODUCT_BUNDLE_IDENTIFIER = com.xiaodao.LittleHabitTracker.widget;
				PRODUCT_NAME = "$(TARGET_NAME)";
				SDKROOT = iphoneos;
				SKIP_INSTALL = YES;
				SWIFT_COMPILATION_MODE = wholemodule;
				SWIFT_OPTIMIZATION_LEVEL = "-O";
				SWIFT_VERSION = 5.0;
				TARGETED_DEVICE_FAMILY = 1;
			};
			name = Debug;
		};
		55164643A3D1654821DE7096 /* Debug */ = {
			isa = XCBuildConfiguration;
			buildSettings = {
				ALWAYS_SEARCH_USER_PATHS = NO;
				CLANG_ANALYZER_NONNULL = YES;
				CLANG_ANALYZER_NUMBER_OBJECT_CONVERSION = YES_AGGRESSIVE;
				CLANG_CXX_LANGUAGE_STANDARD = "gnu++14";
				CLANG_CXX_LIBRARY = "libc++";
				CLANG_ENABLE_MODULES = YES;
				CLANG_ENABLE_OBJC_ARC = YES;
				CLANG_ENABLE_OBJC_WEAK = YES;
				CLANG_WARN_BLOCK_CAPTURE_AUTORELEASING = YES;
				CLANG_WARN_BOOL_CONVERSION = YES;
				CLANG_WARN_COMMA = YES;
				CLANG_WARN_CONSTANT_CONVERSION = YES;
				CLANG_WARN_DEPRECATED_OBJC_IMPLEMENTATIONS = YES;
				CLANG_WARN_DIRECT_OBJC_ISA_USAGE = YES_ERROR;
				CLANG_WARN_DOCUMENTATION_COMMENTS = YES;
				CLANG_WARN_EMPTY_BODY = YES;
				CLANG_WARN_ENUM_CONVERSION = YES;
				CLANG_WARN_INFINITE_RECURSION = YES;
				CLANG_WARN_INT_CONVERSION = YES;
				CLANG_WARN_NON_LITERAL_NULL_CONVERSION = YES;
				CLANG_WARN_OBJC_IMPLICIT_RETAIN_SELF = YES;
				CLANG_WARN_OBJC_LITERAL_CONVERSION = YES;
				CLANG_WARN_OBJC_ROOT_CLASS = YES_ERROR;
				CLANG_WARN_QUOTED_INCLUDE_IN_FRAMEWORK_HEADER = YES;
				CLANG_WARN_RANGE_LOOP_ANALYSIS = YES;
				CLANG_WARN_STRICT_PROTOTYPES = YES;
				CLANG_WARN_SUSPICIOUS_MOVE = YES;
				CLANG_WARN_UNGUARDED_AVAILABILITY = YES_AGGRESSIVE;
				CLANG_WARN_UNREACHABLE_CODE = YES;
				CLANG_WARN__DUPLICATE_METHOD_MATCH = YES;
				COPY_PHASE_STRIP = NO;
				DEBUG_INFORMATION_FORMAT = dwarf;
				ENABLE_STRICT_OBJC_MSGSEND = YES;
				ENABLE_TESTABILITY = YES;
				GCC_C_LANGUAGE_STANDARD = gnu11;
				GCC_DYNAMIC_NO_PIC = NO;
				GCC_NO_COMMON_BLOCKS = YES;
				GCC_OPTIMIZATION_LEVEL = 0;
				GCC_PREPROCESSOR_DEFINITIONS = (
					"$(inherited)",
					"DEBUG=1",
				);
				GCC_WARN_64_TO_32_BIT_CONVERSION = YES;
				GCC_WARN_ABOUT_RETURN_TYPE = YES_ERROR;
				GCC_WARN_UNDECLARED_SELECTOR = YES;
				GCC_WARN_UNINITIALIZED_AUTOS = YES_AGGRESSIVE;
				GCC_WARN_UNUSED_FUNCTION = YES;
				GCC_WARN_UNUSED_VARIABLE = YES;
				IPHONEOS_DEPLOYMENT_TARGET = 16.0;
				MTL_ENABLE_DEBUG_INFO = INCLUDE_SOURCE;
				MTL_FAST_MATH = YES;
				ONLY_ACTIVE_ARCH = YES;
				PRODUCT_NAME = "$(TARGET_NAME)";
				SDKROOT = iphoneos;
				SWIFT_ACTIVE_COMPILATION_CONDITIONS = DEBUG;
				SWIFT_OPTIMIZATION_LEVEL = "-Onone";
				SWIFT_VERSION = 5.0;
				TARGETED_DEVICE_FAMILY = 1;
			};
			name = Debug;
		};
		A42F4DBC74500E2FD1BEE8EA /* Release */ = {
			isa = XCBuildConfiguration;
			buildSettings = {
				ASSETCATALOG_COMPILER_APPICON_NAME = AppIcon;
				CODE_SIGN_ENTITLEMENTS = Sources/LittleHabitTracker.entitlements;
				CODE_SIGN_IDENTITY = "iPhone Developer";
				CODE_SIGN_STYLE = Automatic;
				DEVELOPMENT_TEAM = G6G686R2TD;
				INFOPLIST_FILE = Sources/Info.plist;
				IPHONEOS_DEPLOYMENT_TARGET = 16.0;
				LD_RUNPATH_SEARCH_PATHS = (
					"$(inherited)",
					"@executable_path/Frameworks",
				);
				PRODUCT_BUNDLE_IDENTIFIER = com.xiaodao.LittleHabitTracker;
				SDKROOT = iphoneos;
				TARGETED_DEVICE_FAMILY = 1;
			};
			name = Release;
		};
		BBC9B5087AF1CE68EC008E61 /* Release */ = {
			isa = XCBuildConfiguration;
			buildSettings = {
				APPLICATION_EXTENSION_API_ONLY = YES;
				CLANG_ENABLE_OBJC_WEAK = NO;
				CODE_SIGN_ENTITLEMENTS = Sources/LittleHabitWidget/LittleHabitWidget.entitlements;
				CODE_SIGN_IDENTITY = "iPhone Developer";
				CODE_SIGN_STYLE = Automatic;
				DEVELOPMENT_TEAM = G6G686R2TD;
				ENABLE_DEBUG_DYLIB = NO;
				GENERATE_INFOPLIST_FILE = NO;
				INFOPLIST_FILE = Sources/LittleHabitWidget/Info.plist;
				IPHONEOS_DEPLOYMENT_TARGET = 17.0;
				LD_RUNPATH_SEARCH_PATHS = (
					"$(inherited)",
					"@executable_path/Frameworks",
					"@executable_path/../../Frameworks",
				);
				PRODUCT_BUNDLE_IDENTIFIER = com.xiaodao.LittleHabitTracker.widget;
				PRODUCT_NAME = "$(TARGET_NAME)";
				SDKROOT = iphoneos;
				SKIP_INSTALL = YES;
				SWIFT_VERSION = 5.0;
				TARGETED_DEVICE_FAMILY = 1;
				VALIDATE_PRODUCT = YES;
			};
			name = Release;
		};
		CAAB64E03962FCE176542D7A /* Debug */ = {
			isa = XCBuildConfiguration;
			buildSettings = {
				ASSETCATALOG_COMPILER_APPICON_NAME = AppIcon;
				CODE_SIGN_ENTITLEMENTS = Sources/LittleHabitTracker.entitlements;
				CODE_SIGN_IDENTITY = "iPhone Developer";
				CODE_SIGN_STYLE = Automatic;
				DEVELOPMENT_TEAM = G6G686R2TD;
				INFOPLIST_FILE = Sources/Info.plist;
				IPHONEOS_DEPLOYMENT_TARGET = 16.0;
				LD_RUNPATH_SEARCH_PATHS = (
					"$(inherited)",
					"@executable_path/Frameworks",
				);
				PRODUCT_BUNDLE_IDENTIFIER = com.xiaodao.LittleHabitTracker;
				SDKROOT = iphoneos;
				TARGETED_DEVICE_FAMILY = 1;
			};
			name = Debug;
		};
		F3567078E4E786154BBF1319 /* Release */ = {
			isa = XCBuildConfiguration;
			buildSettings = {
				ALWAYS_SEARCH_USER_PATHS = NO;
				CLANG_ANALYZER_NONNULL = YES;
				CLANG_ANALYZER_NUMBER_OBJECT_CONVERSION = YES_AGGRESSIVE;
				CLANG_CXX_LANGUAGE_STANDARD = "gnu++14";
				CLANG_CXX_LIBRARY = "libc++";
				CLANG_ENABLE_MODULES = YES;
				CLANG_ENABLE_OBJC_ARC = YES;
				CLANG_ENABLE_OBJC_WEAK = YES;
				CLANG_WARN_BLOCK_CAPTURE_AUTORELEASING = YES;
				CLANG_WARN_BOOL_CONVERSION = YES;
				CLANG_WARN_COMMA = YES;
				CLANG_WARN_CONSTANT_CONVERSION = YES;
				CLANG_WARN_DEPRECATED_OBJC_IMPLEMENTATIONS = YES;
				CLANG_WARN_DIRECT_OBJC_ISA_USAGE = YES_ERROR;
				CLANG_WARN_DOCUMENTATION_COMMENTS = YES;
				CLANG_WARN_EMPTY_BODY = YES;
				CLANG_WARN_ENUM_CONVERSION = YES;
				CLANG_WARN_INFINITE_RECURSION = YES;
				CLANG_WARN_INT_CONVERSION = YES;
				CLANG_WARN_NON_LITERAL_NULL_CONVERSION = YES;
				CLANG_WARN_OBJC_IMPLICIT_RETAIN_SELF = YES;
				CLANG_WARN_OBJC_LITERAL_CONVERSION = YES;
				CLANG_WARN_OBJC_ROOT_CLASS = YES_ERROR;
				CLANG_WARN_QUOTED_INCLUDE_IN_FRAMEWORK_HEADER = YES;
				CLANG_WARN_RANGE_LOOP_ANALYSIS = YES;
				CLANG_WARN_STRICT_PROTOTYPES = YES;
				CLANG_WARN_SUSPICIOUS_MOVE = YES;
				CLANG_WARN_UNGUARDED_AVAILABILITY = YES_AGGRESSIVE;
				CLANG_WARN_UNREACHABLE_CODE = YES;
				CLANG_WARN__DUPLICATE_METHOD_MATCH = YES;
				COPY_PHASE_STRIP = NO;
				DEBUG_INFORMATION_FORMAT = "dwarf-with-dsym";
				ENABLE_NS_ASSERTIONS = NO;
				ENABLE_STRICT_OBJC_MSGSEND = YES;
				GCC_C_LANGUAGE_STANDARD = gnu11;
				GCC_NO_COMMON_BLOCKS = YES;
				GCC_WARN_64_TO_32_BIT_CONVERSION = YES;
				GCC_WARN_ABOUT_RETURN_TYPE = YES_ERROR;
				GCC_WARN_UNDECLARED_SELECTOR = YES;
				GCC_WARN_UNINITIALIZED_AUTOS = YES_AGGRESSIVE;
				GCC_WARN_UNUSED_FUNCTION = YES;
				GCC_WARN_UNUSED_VARIABLE = YES;
				IPHONEOS_DEPLOYMENT_TARGET = 16.0;
				MTL_ENABLE_DEBUG_INFO = NO;
				MTL_FAST_MATH = YES;
				PRODUCT_NAME = "$(TARGET_NAME)";
				SDKROOT = iphoneos;
				SWIFT_COMPILATION_MODE = wholemodule;
				SWIFT_OPTIMIZATION_LEVEL = "-O";
				SWIFT_VERSION = 5.0;
			};
			name = Release;
		};
/* End XCBuildConfiguration section */

/* Begin XCConfigurationList section */
		74372347BBF6DEF21D94AF83 /* Build configuration list for PBXProject "LittleHabitTracker" */ = {
			isa = XCConfigurationList;
			buildConfigurations = (
				55164643A3D1654821DE7096 /* Debug */,
				F3567078E4E786154BBF1319 /* Release */,
			);
			defaultConfigurationIsVisible = 0;
			defaultConfigurationName = Debug;
		};
		F11E8032617304BD2AEA8869 /* Build configuration list for PBXNativeTarget "LittleHabitTracker" */ = {
			isa = XCConfigurationList;
			buildConfigurations = (
				CAAB64E03962FCE176542D7A /* Debug */,
				A42F4DBC74500E2FD1BEE8EA /* Release */,
			);
			defaultConfigurationIsVisible = 0;
			defaultConfigurationName = Debug;
		};
		FBEED87C41B38E4185567131 /* Build configuration list for PBXNativeTarget "LittleHabitWidget" */ = {
			isa = XCConfigurationList;
			buildConfigurations = (
				BBC9B5087AF1CE68EC008E61 /* Release */,
				46C4EE9AB6CC0B754E28CC0C /* Debug */,
			);
			defaultConfigurationIsVisible = 0;
			defaultConfigurationName = Release;
		};
/* End XCConfigurationList section */
	};
	rootObject = 73B740A2C97529C74811402C /* Project object */;
}
